<?xml version="1.0" encoding="UTF-8" standalone="yes" ?>
<CodeBlocks_project_file>
	<FileVersion major="1" minor="6" />
	<Project>
		<Option title="libco" />
		<Option pch_mode="2" />
		<Option compiler="gcc" />
		<Build>
			<Target title="Debug">
				<Option output="bin/Debug/libco" prefix_auto="1" extension_auto="1" />
				<Option object_output="obj/Debug/" />
				<Option type="1" />
				<Option compiler="gcc" />
				<Compiler>
					<Add option="-g" />
				</Compiler>
			</Target>
			<Target title="Release">
				<Option output="bin/Release/libco" prefix_auto="1" extension_auto="1" />
				<Option object_output="obj/Release/" />
				<Option type="1" />
				<Option compiler="gcc" />
				<Compiler>
					<Add option="-O2" />
				</Compiler>
				<Linker>
					<Add option="-s" />
				</Linker>
			</Target>
		</Build>
		<Compiler>
			<Add option="-Wall" />
			<Add option="-fexceptions" />
		</Compiler>
		<Unit filename=".gitignore" />
		<Unit filename="LICENSE.txt" />
		<Unit filename="Makefile" />
		<Unit filename="README.md" />
		<Unit filename="co.mk" />
		<Unit filename="co_closure.h" />
		<Unit filename="co_epoll.cpp" />
		<Unit filename="co_epoll.h" />
		<Unit filename="co_hook_sys_call.cpp" />
		<Unit filename="co_routine.cpp" />
		<Unit filename="co_routine.h" />
		<Unit filename="co_routine_inner.h" />
		<Unit filename="co_routine_specific.h" />
		<Unit filename="coctx.cpp" />
		<Unit filename="coctx.h" />
		<Unit filename="coctx_swap.S" />
		<Unit filename="example_closure.cpp" />
		<Unit filename="example_cond.cpp" />
		<Unit filename="example_copystack.cpp" />
		<Unit filename="example_echocli.cpp" />
		<Unit filename="example_echosvr.cpp" />
		<Unit filename="example_poll.cpp" />
		<Unit filename="example_setenv.cpp" />
		<Unit filename="example_specific.cpp" />
		<Unit filename="example_thread.cpp" />
		<Unit filename="libco.cbp" />
		<Unit filename="main.cpp" />
		<Extensions>
			<code_completion />
			<envvars />
			<debugger />
		</Extensions>
	</Project>
</CodeBlocks_project_file>
